// !$*UTF8*$!
{
	archiveVersion = 1;
	classes = {
	};
	objectVersion = 50;
	objects = {

/* Begin PBXBuildFile section */
		44C694EA24C8298200C102C4 /* AppDelegate.m in Sources */ = {isa = PBXBuildFile; fileRef = 44C694E924C8298200C102C4 /* AppDelegate.m */; };
		44C694ED24C8298200C102C4 /* ViewController.m in Sources */ = {isa = PBXBuildFile; fileRef = 44C694EC24C8298200C102C4 /* ViewController.m */; };
		44C694F024C8298200C102C4 /* Main.storyboard in Resources */ = {isa = PBXBuildFile; fileRef = 44C694EE24C8298200C102C4 /* Main.storyboard */; };
		44C694F224C8298400C102C4 /* Assets.xcassets in Resources */ = {isa = PBXBuildFile; fileRef = 44C694F124C8298400C102C4 /* Assets.xcassets */; };
		44C694F524C8298400C102C4 /* LaunchScreen.storyboard in Resources */ = {isa = PBXBuildFile; fileRef = 44C694F324C8298400C102C4 /* LaunchScreen.storyboard */; };
		44C694F824C8298400C102C4 /* main.m in Sources */ = {isa = PBXBuildFile; fileRef = 44C694F724C8298400C102C4 /* main.m */; };
		44C6950224C8298400C102C4 /* calTests.m in Sources */ = {isa = PBXBuildFile; fileRef = 44C6950124C8298400C102C4 /* calTests.m */; };
		44C6950D24C8298400C102C4 /* calUITests.m in Sources */ = {isa = PBXBuildFile; fileRef = 44C6950C24C8298400C102C4 /* calUITests.m */; };
/* End PBXBuildFile section */

/* Begin PBXContainerItemProxy section */
		44C694FE24C8298400C102C4 /* PBXContainerItemProxy */ = {
			isa = PBXContainerItemProxy;
			containerPortal = 44C694DD24C8298200C102C4 /* Project object */;
			proxyType = 1;
			remoteGlobalIDString = 44C694E424C8298200C102C4;
			remoteInfo = cal;
		};
		44C6950924C8298400C102C4 /* PBXContainerItemProxy */ = {
			isa = PBXContainerItemProxy;
			containerPortal = 44C694DD24C8298200C102C4 /* Project object */;
			proxyType = 1;
			remoteGlobalIDString = 44C694E424C8298200C102C4;
			remoteInfo = cal;
		};
/* End PBXContainerItemProxy section */

/* Begin PBXFileReference section */
		44C694E524C8298200C102C4 /* cal.app */ = {isa = PBXFileReference; explicitFileType = wrapper.application; includeInIndex = 0; path = cal.app; sourceTree = BUILT_PRODUCTS_DIR; };
		44C694E824C8298200C102C4 /* AppDelegate.h */ = {isa = PBXFileReference; lastKnownFileType = sourcecode.c.h; path = AppDelegate.h; sourceTree = "<group>"; };
		44C694E924C8298200C102C4 /* AppDelegate.m */ = {isa = PBXFileReference; lastKnownFileType = sourcecode.c.objc; path = AppDelegate.m; sourceTree = "<group>"; };
		44C694EB24C8298200C102C4 /* ViewController.h */ = {isa = PBXFileReference; lastKnownFileType = sourcecode.c.h; path = ViewController.h; sourceTree = "<group>"; };
		44C694EC24C8298200C102C4 /* ViewController.m */ = {isa = PBXFileReference; lastKnownFileType = sourcecode.c.objc; path = ViewController.m; sourceTree = "<group>"; };
		44C694EF24C8298200C102C4 /* Base */ = {isa = PBXFileReference; lastKnownFileType = file.storyboard; name = Base; path = Base.lproj/Main.storyboard; sourceTree = "<group>"; };
		44C694F124C8298400C102C4 /* Assets.xcassets */ = {isa = PBXFileReference; lastKnownFileType = folder.assetcatalog; path = Assets.xcassets; sourceTree = "<group>"; };
		44C694F424C8298400C102C4 /* Base */ = {isa = PBXFileReference; lastKnownFileType = file.storyboard; name = Base; path = Base.lproj/LaunchScreen.storyboard; sourceTree = "<group>"; };
		44C694F624C8298400C102C4 /* Info.plist */ = {isa = PBXFileReference; lastKnownFileType = text.plist.xml; path = Info.plist; sourceTree = "<group>"; };
		44C694F724C8298400C102C4 /* main.m */ = {isa = PBXFileReference; lastKnownFileType = sourcecode.c.objc; path = main.m; sourceTree = "<group>"; };
		44C694FD24C8298400C102C4 /* calTests.xctest */ = {isa = PBXFileReference; explicitFileType = wrapper.cfbundle; includeInIndex = 0; path = calTests.xctest; sourceTree = BUILT_PRODUCTS_DIR; };
		44C6950124C8298400C102C4 /* calTests.m */ = {isa = PBXFileReference; lastKnownFileType = sourcecode.c.objc; path = calTests.m; sourceTree = "<group>"; };
		44C6950324C8298400C102C4 /* Info.plist */ = {isa = PBXFileReference; lastKnownFileType = text.plist.xml; path = Info.plist; sourceTree = "<group>"; };
		44C6950824C8298400C102C4 /* calUITests.xctest */ = {isa = PBXFileReference; explicitFileType = wrapper.cfbundle; includeInIndex = 0; path = calUITests.xctest; sourceTree = BUILT_PRODUCTS_DIR; };
		44C6950C24C8298400C102C4 /* calUITests.m */ = {isa = PBXFileReference; lastKnownFileType = sourcecode.c.objc; path = calUITests.m; sourceTree = "<group>"; };
		44C6950E24C8298400C102C4 /* Info.plist */ = {isa = PBXFileReference; lastKnownFileType = text.plist.xml; path = Info.plist; sourceTree = "<group>"; };
/* End PBXFileReference section */

/* Begin PBXFrameworksBuildPhase section */
		44C694E224C8298200C102C4 /* Frameworks */ = {
			isa = PBXFrameworksBuildPhase;
			buildActionMask = 2147483647;
			files = (
			);
			runOnlyForDeploymentPostprocessing = 0;
		};
		44C694FA24C8298400C102C4 /* Frameworks */ = {
			isa = PBXFrameworksBuildPhase;
			buildActionMask = 2147483647;
			files = (
			);
			runOnlyForDeploymentPostprocessing = 0;
		};
		44C6950524C8298400C102C4 /* Frameworks */ = {
			isa = PBXFrameworksBuildPhase;
			buildActionMask = 2147483647;
			files = (
			);
			runOnlyForDeploymentPostprocessing = 0;
		};
/* End PBXFrameworksBuildPhase section */

/* Begin PBXGroup section */
		44C694DC24C8298200C102C4 = {
			isa = PBXGroup;
			children = (
				44C694E724C8298200C102C4 /* cal */,
				44C6950024C8298400C102C4 /* calTests */,
				44C6950B24C8298400C102C4 /* calUITests */,
				44C694E624C8298200C102C4 /* Products */,
			);
			sourceTree = "<group>";
		};
		44C694E624C8298200C102C4 /* Products */ = {
			isa = PBXGroup;
			children = (
				44C694E524C8298200C102C4 /* cal.app */,
				44C694FD24C8298400C102C4 /* calTests.xctest */,
				44C6950824C8298400C102C4 /* calUITests.xctest */,
			);
			name = Products;
			sourceTree = "<group>";
		};
		44C694E724C8298200C102C4 /* cal */ = {
			isa = PBXGroup;
			children = (
				44C694E824C8298200C102C4 /* AppDelegate.h */,
				44C694E924C8298200C102C4 /* AppDelegate.m */,
				44C694EB24C8298200C102C4 /* ViewController.h */,
				44C694EC24C8298200C102C4 /* ViewController.m */,
				44C694EE24C8298200C102C4 /* Main.storyboard */,
				44C694F124C8298400C102C4 /* Assets.xcassets */,
				44C694F324C8298400C102C4 /* LaunchScreen.storyboard */,
				44C694F624C8298400C102C4 /* Info.plist */,
				44C694F724C8298400C102C4 /* main.m */,
			);
			path = cal;
			sourceTree = "<group>";
		};
		44C6950024C8298400C102C4 /* calTests */ = {
			isa = PBXGroup;
			children = (
				44C6950124C8298400C102C4 /* calTests.m */,
				44C6950324C8298400C102C4 /* Info.plist */,
			);
			path = calTests;
			sourceTree = "<group>";
		};
		44C6950B24C8298400C102C4 /* calUITests */ = {
			isa = PBXGroup;
			children = (
				44C6950C24C8298400C102C4 /* calUITests.m */,
				44C6950E24C8298400C102C4 /* Info.plist */,
			);
			path = calUITests;
			sourceTree = "<group>";
		};
/* End PBXGroup section */

/* Begin PBXNativeTarget section */
		44C694E424C8298200C102C4 /* cal */ = {
			isa = PBXNativeTarget;
			buildConfigurationList = 44C6951124C8298400C102C4 /* Build configuration list for PBXNativeTarget "cal" */;
			buildPhases = (
				44C694E124C8298200C102C4 /* Sources */,
				44C694E224C8298200C102C4 /* Frameworks */,
				44C694E324C8298200C102C4 /* Resources */,
			);
			buildRules = (
			);
			dependencies = (
			);
			name = cal;
			productName = cal;
			productReference = 44C694E524C8298200C102C4 /* cal.app */;
			productType = "com.apple.product-type.application";
		};
		44C694FC24C8298400C102C4 /* calTests */ = {
			isa = PBXNativeTarget;
			buildConfigurationList = 44C6951424C8298400C102C4 /* Build configuration list for PBXNativeTarget "calTests" */;
			buildPhases = (
				44C694F924C8298400C102C4 /* Sources */,
				44C694FA24C8298400C102C4 /* Frameworks */,
				44C694FB24C8298400C102C4 /* Resources */,
			);
			buildRules = (
			);
			dependencies = (
				44C694FF24C8298400C102C4 /* PBXTargetDependency */,
			);
			name = calTests;
			productName = calTests;
			productReference = 44C694FD24C8298400C102C4 /* calTests.xctest */;
			productType = "com.apple.product-type.bundle.unit-test";
		};
		44C6950724C8298400C102C4 /* calUITests */ = {
			isa = PBXNativeTarget;
			buildConfigurationList = 44C6951724C8298400C102C4 /* Build configuration list for PBXNativeTarget "calUITests" */;
			buildPhases = (
				44C6950424C8298400C102C4 /* Sources */,
				44C6950524C8298400C102C4 /* Frameworks */,
				44C6950624C8298400C102C4 /* Resources */,
			);
			buildRules = (
			);
			dependencies = (
				44C6950A24C8298400C102C4 /* PBXTargetDependency */,
			);
			name = calUITests;
			productName = calUITests;
			productReference = 44C6950824C8298400C102C4 /* calUITests.xctest */;
			productType = "com.apple.product-type.bundle.ui-testing";
		};
/* End PBXNativeTarget section */

/* Begin PBXProject section */
		44C694DD24C8298200C102C4 /* Project object */ = {
			isa = PBXProject;
			attributes = {
				LastUpgradeCheck = 0940;
				ORGANIZATIONNAME = "Chen-Chung Liu";
				TargetAttributes = {
					44C694E424C8298200C102C4 = {
						CreatedOnToolsVersion = 9.4;
					};
					44C694FC24C8298400C102C4 = {
						CreatedOnToolsVersion = 9.4;
						TestTargetID = 44C694E424C8298200C102C4;
					};
					44C6950724C8298400C102C4 = {
						CreatedOnToolsVersion = 9.4;
						TestTargetID = 44C694E424C8298200C102C4;
					};
				};
			};
			buildConfigurationList = 44C694E024C8298200C102C4 /* Build configuration list for PBXProject "cal" */;
			compatibilityVersion = "Xcode 9.3";
			developmentRegion = en;
			hasScannedForEncodings = 0;
			knownRegions = (
				en,
				Base,
			);
			mainGroup = 44C694DC24C8298200C102C4;
			productRefGroup = 44C694E624C8298200C102C4 /* Products */;
			projectDirPath = "";
			projectRoot = "";
			targets = (
				44C694E424C8298200C102C4 /* cal */,
				44C694FC24C8298400C102C4 /* calTests */,
				44C6950724C8298400C102C4 /* calUITests */,
			);
		};
/* End PBXProject section */

/* Begin PBXResourcesBuildPhase section */
		44C694E324C8298200C102C4 /* Resources */ = {
			isa = PBXResourcesBuildPhase;
			buildActionMask = 2147483647;
			files = (
				44C694F524C8298400C102C4 /* LaunchScreen.storyboard in Resources */,
				44C694F224C8298400C102C4 /* Assets.xcassets in Resources */,
				44C694F024C8298200C102C4 /* Main.storyboard in Resources */,
			);
			runOnlyForDeploymentPostprocessing = 0;
		};
		44C694FB24C8298400C102C4 /* Resources */ = {
			isa = PBXResourcesBuildPhase;
			buildActionMask = 2147483647;
			files = (
			);
			runOnlyForDeploymentPostprocessing = 0;
		};
		44C6950624C8298400C102C4 /* Resources */ = {
			isa = PBXResourcesBuildPhase;
			buildActionMask = 2147483647;
			files = (
			);
			runOnlyForDeploymentPostprocessing = 0;
		};
/* End PBXResourcesBuildPhase section */

/* Begin PBXSourcesBuildPhase section */
		44C694E124C8298200C102C4 /* Sources */ = {
			isa = PBXSourcesBuildPhase;
			buildActionMask = 2147483647;
			files = (
				44C694ED24C8298200C102C4 /* ViewController.m in Sources */,
				44C694F824C8298400C102C4 /* main.m in Sources */,
				44C694EA24C8298200C102C4 /* AppDelegate.m in Sources */,
			);
			runOnlyForDeploymentPostprocessing = 0;
		};
		44C694F924C8298400C102C4 /* Sources */ = {
			isa = PBXSourcesBuildPhase;
			buildActionMask = 2147483647;
			files = (
				44C6950224C8298400C102C4 /* calTests.m in Sources */,
			);
			runOnlyForDeploymentPostprocessing = 0;
		};
		44C6950424C8298400C102C4 /* Sources */ = {
			isa = PBXSourcesBuildPhase;
			buildActionMask = 2147483647;
			files = (
				44C6950D24C8298400C102C4 /* calUITests.m in Sources */,
			);
			runOnlyForDeploymentPostprocessing = 0;
		};
/* End PBXSourcesBuildPhase section */

/* Begin PBXTargetDependency section */
		44C694FF24C8298400C102C4 /* PBXTargetDependency */ = {
			isa = PBXTargetDependency;
			target = 44C694E424C8298200C102C4 /* cal */;
			targetProxy = 44C694FE24C8298400C102C4 /* PBXContainerItemProxy */;
		};
		44C6950A24C8298400C102C4 /* PBXTargetDependency */ = {
			isa = PBXTargetDependency;
			target = 44C694E424C8298200C102C4 /* cal */;
			targetProxy = 44C6950924C8298400C102C4 /* PBXContainerItemProxy */;
		};
/* End PBXTargetDependency section */

/* Begin PBXVariantGroup section */
		44C694EE24C8298200C102C4 /* Main.storyboard */ = {
			isa = PBXVariantGroup;
			children = (
				44C694EF24C8298200C102C4 /* Base */,
			);
			name = Main.storyboard;
			sourceTree = "<group>";
		};
		44C694F324C8298400C102C4 /* LaunchScreen.storyboard */ = {
			isa = PBXVariantGroup;
			children = (
				44C694F424C8298400C102C4 /* Base */,
			);
			name = LaunchScreen.storyboard;
			sourceTree = "<group>";
		};
/* End PBXVariantGroup section */

/* Begin XCBuildConfiguration section */
		44C6950F24C8298400C102C4 /* Debug */ = {
			isa = XCBuildConfiguration;
			buildSettings = {
				ALWAYS_SEARCH_USER_PATHS = NO;
				CLANG_ANALYZER_NONNULL = YES;
				CLANG_ANALYZER_NUMBER_OBJECT_CONVERSION = YES_AGGRESSIVE;
				CLANG_CXX_LANGUAGE_STANDARD = "gnu++14";
				CLANG_CXX_LIBRARY = "libc++";
				CLANG_ENABLE_MODULES = YES;
				CLANG_ENABLE_OBJC_ARC = YES;
				CLANG_ENABLE_OBJC_WEAK = YES;
				CLANG_WARN_BLOCK_CAPTURE_AUTORELEASING = YES;
				CLANG_WARN_BOOL_CONVERSION = YES;
				CLANG_WARN_COMMA = YES;
				CLANG_WARN_CONSTANT_CONVERSION = YES;
				CLANG_WARN_DEPRECATED_OBJC_IMPLEMENTATIONS = YES;
				CLANG_WARN_DIRECT_OBJC_ISA_USAGE = YES_ERROR;
				CLANG_WARN_DOCUMENTATION_COMMENTS = YES;
				CLANG_WARN_EMPTY_BODY = YES;
				CLANG_WARN_ENUM_CONVERSION = YES;
				CLANG_WARN_INFINITE_RECURSION = YES;
				CLANG_WARN_INT_CONVERSION = YES;
				CLANG_WARN_NON_LITERAL_NULL_CONVERSION = YES;
				CLANG_WARN_OBJC_IMPLICIT_RETAIN_SELF = YES;
				CLANG_WARN_OBJC_LITERAL_CONVERSION = YES;
				CLANG_WARN_OBJC_ROOT_CLASS = YES_ERROR;
				CLANG_WARN_RANGE_LOOP_ANALYSIS = YES;
				CLANG_WARN_STRICT_PROTOTYPES = YES;
				CLANG_WARN_SUSPICIOUS_MOVE = YES;
				CLANG_WARN_UNGUARDED_AVAILABILITY = YES_AGGRESSIVE;
				CLANG_WARN_UNREACHABLE_CODE = YES;
				CLANG_WARN__DUPLICATE_METHOD_MATCH = YES;
				CODE_SIGN_IDENTITY = "iPhone Developer";
				COPY_PHASE_STRIP = NO;
				DEBUG_INFORMATION_FORMAT = dwarf;
				ENABLE_STRICT_OBJC_MSGSEND = YES;
				ENABLE_TESTABILITY = YES;
				GCC_C_LANGUAGE_STANDARD = gnu11;
				GCC_DYNAMIC_NO_PIC = NO;
				GCC_NO_COMMON_BLOCKS = YES;
				GCC_OPTIMIZATION_LEVEL = 0;
				GCC_PREPROCESSOR_DEFINITIONS = (
					"DEBUG=1",
					"$(inherited)",
				);
				GCC_WARN_64_TO_32_BIT_CONVERSION = YES;
				GCC_WARN_ABOUT_RETURN_TYPE = YES_ERROR;
				GCC_WARN_UNDECLARED_SELECTOR = YES;
				GCC_WARN_UNINITIALIZED_AUTOS = YES_AGGRESSIVE;
				GCC_WARN_UNUSED_FUNCTION = YES;
				GCC_WARN_UNUSED_VARIABLE = YES;
				IPHONEOS_DEPLOYMENT_TARGET = 11.4;
				MTL_ENABLE_DEBUG_INFO = YES;
				ONLY_ACTIVE_ARCH = YES;
				SDKROOT = iphoneos;
			};
			name = Debug;
		};
		44C6951024C8298400C102C4 /* Release */ = {
			isa = XCBuildConfiguration;
			buildSettings = {
				ALWAYS_SEARCH_USER_PATHS = NO;
				CLANG_ANALYZER_NONNULL = YES;
				CLANG_ANALYZER_NUMBER_OBJECT_CONVERSION = YES_AGGRESSIVE;
				CLANG_CXX_LANGUAGE_STANDARD = "gnu++14";
				CLANG_CXX_LIBRARY = "libc++";
				CLANG_ENABLE_MODULES = YES;
				CLANG_ENABLE_OBJC_ARC = YES;
				CLANG_ENABLE_OBJC_WEAK = YES;
				CLANG_WARN_BLOCK_CAPTURE_AUTORELEASING = YES;
				CLANG_WARN_BOOL_CONVERSION = YES;
				CLANG_WARN_COMMA = YES;
				CLANG_WARN_CONSTANT_CONVERSION = YES;
				CLANG_WARN_DEPRECATED_OBJC_IMPLEMENTATIONS = YES;
				CLANG_WARN_DIRECT_OBJC_ISA_USAGE = YES_ERROR;
				CLANG_WARN_DOCUMENTATION_COMMENTS = YES;
				CLANG_WARN_EMPTY_BODY = YES;
				CLANG_WARN_ENUM_CONVERSION = YES;
				CLANG_WARN_INFINITE_RECURSION = YES;
				CLANG_WARN_INT_CONVERSION = YES;
				CLANG_WARN_NON_LITERAL_NULL_CONVERSION = YES;
				CLANG_WARN_OBJC_IMPLICIT_RETAIN_SELF = YES;
				CLANG_WARN_OBJC_LITERAL_CONVERSION = YES;
				CLANG_WARN_OBJC_ROOT_CLASS = YES_ERROR;
				CLANG_WARN_RANGE_LOOP_ANALYSIS = YES;
				CLANG_WARN_STRICT_PROTOTYPES = YES;
				CLANG_WARN_SUSPICIOUS_MOVE = YES;
				CLANG_WARN_UNGUARDED_AVAILABILITY = YES_AGGRESSIVE;
				CLANG_WARN_UNREACHABLE_CODE = YES;
				CLANG_WARN__DUPLICATE_METHOD_MATCH = YES;
				CODE_SIGN_IDENTITY = "iPhone Developer";
				COPY_PHASE_STRIP = NO;
				DEBUG_INFORMATION_FORMAT = "dwarf-with-dsym";
				ENABLE_NS_ASSERTIONS = NO;
				ENABLE_STRICT_OBJC_MSGSEND = YES;
				GCC_C_LANGUAGE_STANDARD = gnu11;
				GCC_NO_COMMON_BLOCKS = YES;
				GCC_WARN_64_TO_32_BIT_CONVERSION = YES;
				GCC_WARN_ABOUT_RETURN_TYPE = YES_ERROR;
				GCC_WARN_UNDECLARED_SELECTOR = YES;
				GCC_WARN_UNINITIALIZED_AUTOS = YES_AGGRESSIVE;
				GCC_WARN_UNUSED_FUNCTION = YES;
				GCC_WARN_UNUSED_VARIABLE = YES;
				IPHONEOS_DEPLOYMENT_TARGET = 11.4;
				MTL_ENABLE_DEBUG_INFO = NO;
				SDKROOT = iphoneos;
				VALIDATE_PRODUCT = YES;
			};
			name = Release;
		};
		44C6951224C8298400C102C4 /* Debug */ = {
			isa = XCBuildConfiguration;
			buildSettings = {
				ASSETCATALOG_COMPILER_APPICON_NAME = AppIcon;
				CODE_SIGN_STYLE = Automatic;
				INFOPLIST_FILE = cal/Info.plist;
				LD_RUNPATH_SEARCH_PATHS = (
					"$(inherited)",
					"@executable_path/Frameworks",
				);
				PRODUCT_BUNDLE_IDENTIFIER = tgtg.cal;
				PRODUCT_NAME = "$(TARGET_NAME)";
				TARGETED_DEVICE_FAMILY = "1,2";
			};
			name = Debug;
		};
		44C6951324C8298400C102C4 /* Release */ = {
			isa = XCBuildConfiguration;
			buildSettings = {
				ASSETCATALOG_COMPILER_APPICON_NAME = AppIcon;
				CODE_SIGN_STYLE = Automatic;
				INFOPLIST_FILE = cal/Info.plist;
				LD_RUNPATH_SEARCH_PATHS = (
					"$(inherited)",
					"@executable_path/Frameworks",
				);
				PRODUCT_BUNDLE_IDENTIFIER = tgtg.cal;
				PRODUCT_NAME = "$(TARGET_NAME)";
				TARGETED_DEVICE_FAMILY = "1,2";
			};
			name = Release;
		};
		44C6951524C8298400C102C4 /* Debug */ = {
			isa = XCBuildConfiguration;
			buildSettings = {
				BUNDLE_LOADER = "$(TEST_HOST)";
				CODE_SIGN_STYLE = Automatic;
				INFOPLIST_FILE = calTests/Info.plist;
				LD_RUNPATH_SEARCH_PATHS = (
					"$(inherited)",
					"@executable_path/Frameworks",
					"@loader_path/Frameworks",
				);
				PRODUCT_BUNDLE_IDENTIFIER = tgtg.calTests;
				PRODUCT_NAME = "$(TARGET_NAME)";
				TARGETED_DEVICE_FAMILY = "1,2";
				TEST_HOST = "$(BUILT_PRODUCTS_DIR)/cal.app/cal";
			};
			name = Debug;
		};
		44C6951624C8298400C102C4 /* Release */ = {
			isa = XCBuildConfiguration;
			buildSettings = {
				BUNDLE_LOADER = "$(TEST_HOST)";
				CODE_SIGN_STYLE = Automatic;
				INFOPLIST_FILE = calTests/Info.plist;
				LD_RUNPATH_SEARCH_PATHS = (
					"$(inherited)",
					"@executable_path/Frameworks",
					"@loader_path/Frameworks",
				);
				PRODUCT_BUNDLE_IDENTIFIER = tgtg.calTests;
				PRODUCT_NAME = "$(TARGET_NAME)";
				TARGETED_DEVICE_FAMILY = "1,2";
				TEST_HOST = "$(BUILT_PRODUCTS_DIR)/cal.app/cal";
			};
			name = Release;
		};
		44C6951824C8298400C102C4 /* Debug */ = {
			isa = XCBuildConfiguration;
			buildSettings = {
				CODE_SIGN_STYLE = Automatic;
				INFOPLIST_FILE = calUITests/Info.plist;
				LD_RUNPATH_SEARCH_PATHS = (
					"$(inherited)",
					"@executable_path/Frameworks",
					"@loader_path/Frameworks",
				);
				PRODUCT_BUNDLE_IDENTIFIER = tgtg.calUITests;
				PRODUCT_NAME = "$(TARGET_NAME)";
				TARGETED_DEVICE_FAMILY = "1,2";
				TEST_TARGET_NAME = cal;
			};
			name = Debug;
		};
		44C6951924C8298400C102C4 /* Release */ = {
			isa = XCBuildConfiguration;
			buildSettings = {
				CODE_SIGN_STYLE = Automatic;
				INFOPLIST_FILE = calUITests/Info.plist;
				LD_RUNPATH_SEARCH_PATHS = (
					"$(inherited)",
					"@executable_path/Frameworks",
					"@loader_path/Frameworks",
				);
				PRODUCT_BUNDLE_IDENTIFIER = tgtg.calUITests;
				PRODUCT_NAME = "$(TARGET_NAME)";
				TARGETED_DEVICE_FAMILY = "1,2";
				TEST_TARGET_NAME = cal;
			};
			name = Release;
		};
/* End XCBuildConfiguration section */

/* Begin XCConfigurationList section */
		44C694E024C8298200C102C4 /* Build configuration list for PBXProject "cal" */ = {
			isa = XCConfigurationList;
			buildConfigurations = (
				44C6950F24C8298400C102C4 /* Debug */,
				44C6951024C8298400C102C4 /* Release */,
			);
			defaultConfigurationIsVisible = 0;
			defaultConfigurationName = Release;
		};
		44C6951124C8298400C102C4 /* Build configuration list for PBXNativeTarget "cal" */ = {
			isa = XCConfigurationList;
			buildConfigurations = (
				44C6951224C8298400C102C4 /* Debug */,
				44C6951324C8298400C102C4 /* Release */,
			);
			defaultConfigurationIsVisible = 0;
			defaultConfigurationName = Release;
		};
		44C6951424C8298400C102C4 /* Build configuration list for PBXNativeTarget "calTests" */ = {
			isa = XCConfigurationList;
			buildConfigurations = (
				44C6951524C8298400C102C4 /* Debug */,
				44C6951624C8298400C102C4 /* Release */,
			);
			defaultConfigurationIsVisible = 0;
			defaultConfigurationName = Release;
		};
		44C6951724C8298400C102C4 /* Build configuration list for PBXNativeTarget "calUITests" */ = {
			isa = XCConfigurationList;
			buildConfigurations = (
				44C6951824C8298400C102C4 /* Debug */,
				44C6951924C8298400C102C4 /* Release */,
			);
			defaultConfigurationIsVisible = 0;
			defaultConfigurationName = Release;
		};
/* End XCConfigurationList section */
	};
	rootObject = 44C694DD24C8298200C102C4 /* Project object */;
}
